<?xml version="1.0" encoding="utf-8"?>
<Project ToolsVersion="4.0" xmlns="http://schemas.microsoft.com/developer/msbuild/2003">
  <ItemGroup>
    <Filter Include="Quelldateien">
      <UniqueIdentifier>{4FC737F1-C7A5-4376-A066-2A32D752A2FF}</UniqueIdentifier>
      <Extensions>cpp;c;cc;cxx;c++;cppm;ixx;def;odl;idl;hpj;bat;asm;asmx</Extensions>
    </Filter>
    <Filter Include="Headerdateien">
      <UniqueIdentifier>{93995380-89BD-4b04-88EB-625FBE52EBFB}</UniqueIdentifier>
      <Extensions>h;hh;hpp;hxx;h++;hm;inl;inc;ipp;xsd</Extensions>
    </Filter>
    <Filter Include="Ressourcendateien">
      <UniqueIdentifier>{67DA6AB6-F800-4c08-8B7A-83BB121AAD01}</UniqueIdentifier>
      <Extensions>rc;ico;cur;bmp;dlg;rc2;rct;bin;rgs;gif;jpg;jpeg;jpe;resx;tiff;tif;png;wav;mfcribbon-ms</Extensions>
    </Filter>
  </ItemGroup>
  <ItemGroup>
    <ClCompile Include="..\..\..\..\LectureTracking\lecturetracking\source\lecturetracking\EvaluatorMain.cxx">
      <Filter>Quelldateien</Filter>
    </ClCompile>
    <ClCompile Include="..\..\..\..\LectureTracking\lecturetracking\source\lecturetracking\main.cxx">
      <Filter>Quelldateien</Filter>
    </ClCompile>
    <ClCompile Include="..\..\..\..\LectureTracking\lecturetracking\source\lecturetracking\IdealTrackFinder\IdealTrackFinder.cxx">
      <Filter>Quelldateien</Filter>
    </ClCompile>
    <ClCompile Include="..\..\..\..\LectureTracking\lecturetracking\source\lecturetracking\TrackEvaluation\PndLectureTrackCandInfo.cxx">
      <Filter>Quelldateien</Filter>
    </ClCompile>
    <ClCompile Include="..\..\..\..\LectureTracking\lecturetracking\source\lecturetracking\TrackEvaluation\PndMCTrackInfo.cxx">
      <Filter>Quelldateien</Filter>
    </ClCompile>
    <ClCompile Include="..\..\..\..\LectureTracking\lecturetracking\source\lecturetracking\TrackEvaluation\TrackEvaluator.cxx">
      <Filter>Quelldateien</Filter>
    </ClCompile>
    <ClCompile Include="..\..\..\..\LectureTracking\lecturetracking\source\lecturetracking\TrackEvaluation\TrackEvaluatorHandler.cxx">
      <Filter>Quelldateien</Filter>
    </ClCompile>
    <ClCompile Include="..\..\..\..\LectureTracking\lecturetracking\source\lecturetracking\data\PndLectureTrackCand.cxx">
      <Filter>Quelldateien</Filter>
    </ClCompile>
    <ClCompile Include="..\..\..\..\LectureTracking\lecturetracking\source\lecturetracking\data\PndMCTrack.cxx">
      <Filter>Quelldateien</Filter>
    </ClCompile>
    <ClCompile Include="..\..\..\..\LectureTracking\lecturetracking\source\lecturetracking\data\PndSttLectureHit.cxx">
      <Filter>Quelldateien</Filter>
    </ClCompile>
    <ClCompile Include="..\..\..\..\LectureTracking\lecturetracking\source\lecturetracking\EventHandler\EventHandler.cxx">
      <Filter>Quelldateien</Filter>
    </ClCompile>
  </ItemGroup>
  <ItemGroup>
    <ClInclude Include="..\..\..\..\LectureTracking\lecturetracking\source\lecturetracking\EventHandler\EventHandler.h">
      <Filter>Headerdateien</Filter>
    </ClInclude>
    <ClInclude Include="..\..\..\..\LectureTracking\lecturetracking\source\lecturetracking\EventHandler\EventReader.h">
      <Filter>Headerdateien</Filter>
    </ClInclude>
    <ClInclude Include="..\..\..\..\LectureTracking\lecturetracking\source\lecturetracking\EventHandler\EventWriter.h">
      <Filter>Headerdateien</Filter>
    </ClInclude>
    <ClInclude Include="..\..\..\..\LectureTracking\lecturetracking\source\lecturetracking\IdealTrackFinder\IdealTrackFinder.h">
      <Filter>Headerdateien</Filter>
    </ClInclude>
    <ClInclude Include="..\..\..\..\LectureTracking\lecturetracking\source\lecturetracking\data\PndLectureTrackCand.h">
      <Filter>Headerdateien</Filter>
    </ClInclude>
    <ClInclude Include="..\..\..\..\LectureTracking\lecturetracking\source\lecturetracking\TrackEvaluation\PndLectureTrackCandInfo.h">
      <Filter>Headerdateien</Filter>
    </ClInclude>
    <ClInclude Include="..\..\..\..\LectureTracking\lecturetracking\source\lecturetracking\data\PndMCTrack.h">
      <Filter>Headerdateien</Filter>
    </ClInclude>
    <ClInclude Include="..\..\..\..\LectureTracking\lecturetracking\source\lecturetracking\TrackEvaluation\PndMCTrackInfo.h">
      <Filter>Headerdateien</Filter>
    </ClInclude>
    <ClInclude Include="..\..\..\..\LectureTracking\lecturetracking\source\lecturetracking\data\PndSttLectureHit.h">
      <Filter>Headerdateien</Filter>
    </ClInclude>
    <ClInclude Include="..\..\..\..\LectureTracking\lecturetracking\source\lecturetracking\TrackEvaluation\TrackEvaluator.h">
      <Filter>Headerdateien</Filter>
    </ClInclude>
    <ClInclude Include="..\..\..\..\LectureTracking\lecturetracking\source\lecturetracking\TrackEvaluation\TrackEvaluatorHandler.h">
      <Filter>Headerdateien</Filter>
    </ClInclude>
    <ClInclude Include="..\..\..\..\LectureTracking\lecturetracking\source\lecturetracking\TrackFinderBase\TrackFinderBase.h">
      <Filter>Headerdateien</Filter>
    </ClInclude>
  </ItemGroup>
</Project>